
Microsoft Visual Studio Solution File, Format Version 12.00
# Visual Studio Version 16
VisualStudioVersion = 16.0.29503.13
MinimumVisualStudioVersion = 10.0.40219.1
Project("{FAE04EC0-301F-11D3-BF4B-00C04F79EFBC}") = "quiz_backend", "quiz-backend\quiz_backend.csproj", "{45EBF22C-B165-4A40-B878-70BB74632D76}"
EndProject
Global
	GlobalSection(SolutionConfigurationPlatforms) = preSolution
		Debug|Any CPU = Debug|Any CPU
		Release|Any CPU = Release|Any CPU
	EndGlobalSection
	GlobalSection(ProjectConfigurationPlatforms) = postSolution
		{45EBF22C-B165-4A40-B878-70BB74632D76}.Debug|Any CPU.ActiveCfg = Debug|Any CPU
		{45EBF22C-B165-4A40-B878-70BB74632D76}.Debug|Any CPU.Build.0 = Debug|Any CPU
		{45EBF22C-B165-4A40-B878-70BB74632D76}.Release|Any CPU.ActiveCfg = Release|Any CPU
		{45EBF22C-B165-4A40-B878-70BB74632D76}.Release|Any CPU.Build.0 = Release|Any CPU
	EndGlobalSection
	GlobalSection(SolutionProperties) = preSolution
		HideSolutionNode = FALSE
	EndGlobalSection
	GlobalSection(ExtensibilityGlobals) = postSolution
		SolutionGuid = {4E4FCDD2-BC21-4BD8-AC58-09535C72479F}
	EndGlobalSection
EndGlobal
